// !$*UTF8*$!
{
	archiveVersion = 1;
	classes = {
	};
	objectVersion = 56;
	objects = {

/* Begin PBXBuildFile section */
		213C82E42BDA67D400FBEE44 /* TicketAPIs.swift in Sources */ = {isa = PBXBuildFile; fileRef = 213C82E32BDA67D400FBEE44 /* TicketAPIs.swift */; };
		21456A6A2BDBDD7300F441F0 /* GeneralAPIs.swift in Sources */ = {isa = PBXBuildFile; fileRef = 21456A692BDBDD7300F441F0 /* GeneralAPIs.swift */; };
		2DE6E9802B1E05D60069FA7A /* AppDelegate.swift in Sources */ = {isa = PBXBuildFile; fileRef = 2DE6E97F2B1E05D60069FA7A /* AppDelegate.swift */; };
		2DE6E9822B1E05D60069FA7A /* SceneDelegate.swift in Sources */ = {isa = PBXBuildFile; fileRef = 2DE6E9812B1E05D60069FA7A /* SceneDelegate.swift */; };
		2DE6E9842B1E05D60069FA7A /* ViewController.swift in Sources */ = {isa = PBXBuildFile; fileRef = 2DE6E9832B1E05D60069FA7A /* ViewController.swift */; };
		2DE6E9872B1E05D60069FA7A /* Main.storyboard in Resources */ = {isa = PBXBuildFile; fileRef = 2DE6E9852B1E05D60069FA7A /* Main.storyboard */; };
		2DE6E9892B1E05D80069FA7A /* Assets.xcassets in Resources */ = {isa = PBXBuildFile; fileRef = 2DE6E9882B1E05D80069FA7A /* Assets.xcassets */; };
		2DE6E98C2B1E05D80069FA7A /* LaunchScreen.storyboard in Resources */ = {isa = PBXBuildFile; fileRef = 2DE6E98A2B1E05D80069FA7A /* LaunchScreen.storyboard */; };
		60BD37C3EEBCD8D5F5495F0C /* Pods_ASAPDemo_Swift.framework in Frameworks */ = {isa = PBXBuildFile; fileRef = 7EA8E2C8DBCEF36A521517C1 /* Pods_ASAPDemo_Swift.framework */; };
		F264B9F72D3FC27B0001487F /* SalesIQConfigurations.swift in Sources */ = {isa = PBXBuildFile; fileRef = F264B9F62D3FC2710001487F /* SalesIQConfigurations.swift */; };
/* End PBXBuildFile section */

/* Begin PBXFileReference section */
		213C82E32BDA67D400FBEE44 /* TicketAPIs.swift */ = {isa = PBXFileReference; lastKnownFileType = sourcecode.swift; path = TicketAPIs.swift; sourceTree = "<group>"; };
		21456A692BDBDD7300F441F0 /* GeneralAPIs.swift */ = {isa = PBXFileReference; lastKnownFileType = sourcecode.swift; path = GeneralAPIs.swift; sourceTree = "<group>"; };
		2DE6E97C2B1E05D60069FA7A /* ASAPDemo-Swift.app */ = {isa = PBXFileReference; explicitFileType = wrapper.application; includeInIndex = 0; path = "ASAPDemo-Swift.app"; sourceTree = BUILT_PRODUCTS_DIR; };
		2DE6E97F2B1E05D60069FA7A /* AppDelegate.swift */ = {isa = PBXFileReference; lastKnownFileType = sourcecode.swift; path = AppDelegate.swift; sourceTree = "<group>"; };
		2DE6E9812B1E05D60069FA7A /* SceneDelegate.swift */ = {isa = PBXFileReference; lastKnownFileType = sourcecode.swift; path = SceneDelegate.swift; sourceTree = "<group>"; };
		2DE6E9832B1E05D60069FA7A /* ViewController.swift */ = {isa = PBXFileReference; lastKnownFileType = sourcecode.swift; path = ViewController.swift; sourceTree = "<group>"; };
		2DE6E9862B1E05D60069FA7A /* Base */ = {isa = PBXFileReference; lastKnownFileType = file.storyboard; name = Base; path = Base.lproj/Main.storyboard; sourceTree = "<group>"; };
		2DE6E9882B1E05D80069FA7A /* Assets.xcassets */ = {isa = PBXFileReference; lastKnownFileType = folder.assetcatalog; path = Assets.xcassets; sourceTree = "<group>"; };
		2DE6E98B2B1E05D80069FA7A /* Base */ = {isa = PBXFileReference; lastKnownFileType = file.storyboard; name = Base; path = Base.lproj/LaunchScreen.storyboard; sourceTree = "<group>"; };
		2DE6E98D2B1E05D80069FA7A /* Info.plist */ = {isa = PBXFileReference; lastKnownFileType = text.plist.xml; path = Info.plist; sourceTree = "<group>"; };
		7EA8E2C8DBCEF36A521517C1 /* Pods_ASAPDemo_Swift.framework */ = {isa = PBXFileReference; explicitFileType = wrapper.framework; includeInIndex = 0; path = Pods_ASAPDemo_Swift.framework; sourceTree = BUILT_PRODUCTS_DIR; };
		7EFBE289425FFCFE7D4AF746 /* Pods-ASAPDemo-Swift.debug.xcconfig */ = {isa = PBXFileReference; includeInIndex = 1; lastKnownFileType = text.xcconfig; name = "Pods-ASAPDemo-Swift.debug.xcconfig"; path = "Target Support Files/Pods-ASAPDemo-Swift/Pods-ASAPDemo-Swift.debug.xcconfig"; sourceTree = "<group>"; };
		D091A873E542DEDDBD1FB695 /* Pods-ASAPDemo-Swift.release.xcconfig */ = {isa = PBXFileReference; includeInIndex = 1; lastKnownFileType = text.xcconfig; name = "Pods-ASAPDemo-Swift.release.xcconfig"; path = "Target Support Files/Pods-ASAPDemo-Swift/Pods-ASAPDemo-Swift.release.xcconfig"; sourceTree = "<group>"; };
		F264B9F62D3FC2710001487F /* SalesIQConfigurations.swift */ = {isa = PBXFileReference; lastKnownFileType = sourcecode.swift; path = SalesIQConfigurations.swift; sourceTree = "<group>"; };
/* End PBXFileReference section */

/* Begin PBXFrameworksBuildPhase section */
		2DE6E9792B1E05D60069FA7A /* Frameworks */ = {
			isa = PBXFrameworksBuildPhase;
			buildActionMask = 2147483647;
			files = (
				60BD37C3EEBCD8D5F5495F0C /* Pods_ASAPDemo_Swift.framework in Frameworks */,
			);
			runOnlyForDeploymentPostprocessing = 0;
		};
/* End PBXFrameworksBuildPhase section */

/* Begin PBXGroup section */
		2DE6E9732B1E05D60069FA7A = {
			isa = PBXGroup;
			children = (
				2DE6E97E2B1E05D60069FA7A /* ASAPDemo-Swift */,
				2DE6E97D2B1E05D60069FA7A /* Products */,
				30581D68E2DBD90E06D5FD3A /* Pods */,
				9473E8C0802D14E7067DCE0F /* Frameworks */,
			);
			sourceTree = "<group>";
		};
		2DE6E97D2B1E05D60069FA7A /* Products */ = {
			isa = PBXGroup;
			children = (
				2DE6E97C2B1E05D60069FA7A /* ASAPDemo-Swift.app */,
			);
			name = Products;
			sourceTree = "<group>";
		};
		2DE6E97E2B1E05D60069FA7A /* ASAPDemo-Swift */ = {
			isa = PBXGroup;
			children = (
				2DE6E97F2B1E05D60069FA7A /* AppDelegate.swift */,
				21456A692BDBDD7300F441F0 /* GeneralAPIs.swift */,
				2DE6E9812B1E05D60069FA7A /* SceneDelegate.swift */,
				2DE6E9832B1E05D60069FA7A /* ViewController.swift */,
				213C82E32BDA67D400FBEE44 /* TicketAPIs.swift */,
				F264B9F62D3FC2710001487F /* SalesIQConfigurations.swift */,
				2DE6E9852B1E05D60069FA7A /* Main.storyboard */,
				2DE6E9882B1E05D80069FA7A /* Assets.xcassets */,
				2DE6E98A2B1E05D80069FA7A /* LaunchScreen.storyboard */,
				2DE6E98D2B1E05D80069FA7A /* Info.plist */,
			);
			path = "ASAPDemo-Swift";
			sourceTree = "<group>";
		};
		30581D68E2DBD90E06D5FD3A /* Pods */ = {
			isa = PBXGroup;
			children = (
				7EFBE289425FFCFE7D4AF746 /* Pods-ASAPDemo-Swift.debug.xcconfig */,
				D091A873E542DEDDBD1FB695 /* Pods-ASAPDemo-Swift.release.xcconfig */,
			);
			path = Pods;
			sourceTree = "<group>";
		};
		9473E8C0802D14E7067DCE0F /* Frameworks */ = {
			isa = PBXGroup;
			children = (
				7EA8E2C8DBCEF36A521517C1 /* Pods_ASAPDemo_Swift.framework */,
			);
			name = Frameworks;
			sourceTree = "<group>";
		};
/* End PBXGroup section */

/* Begin PBXNativeTarget section */
		2DE6E97B2B1E05D60069FA7A /* ASAPDemo-Swift */ = {
			isa = PBXNativeTarget;
			buildConfigurationList = 2DE6E9902B1E05D80069FA7A /* Build configuration list for PBXNativeTarget "ASAPDemo-Swift" */;
			buildPhases = (
				CE3FE8B4114485E73827F844 /* [CP] Check Pods Manifest.lock */,
				2DE6E9782B1E05D60069FA7A /* Sources */,
				2DE6E9792B1E05D60069FA7A /* Frameworks */,
				2DE6E97A2B1E05D60069FA7A /* Resources */,
				AAFCF7C8C8D2C71D59CED7EA /* [CP] Embed Pods Frameworks */,
			);
			buildRules = (
			);
			dependencies = (
			);
			name = "ASAPDemo-Swift";
			productName = "ASAPDemo-Swift";
			productReference = 2DE6E97C2B1E05D60069FA7A /* ASAPDemo-Swift.app */;
			productType = "com.apple.product-type.application";
		};
/* End PBXNativeTarget section */

/* Begin PBXProject section */
		2DE6E9742B1E05D60069FA7A /* Project object */ = {
			isa = PBXProject;
			attributes = {
				BuildIndependentTargetsInParallel = 1;
				LastSwiftUpdateCheck = 1410;
				LastUpgradeCheck = 1410;
				TargetAttributes = {
					2DE6E97B2B1E05D60069FA7A = {
						CreatedOnToolsVersion = 14.1;
					};
				};
			};
			buildConfigurationList = 2DE6E9772B1E05D60069FA7A /* Build configuration list for PBXProject "ASAPDemo-Swift" */;
			compatibilityVersion = "Xcode 14.0";
			developmentRegion = en;
			hasScannedForEncodings = 0;
			knownRegions = (
				en,
				Base,
			);
			mainGroup = 2DE6E9732B1E05D60069FA7A;
			productRefGroup = 2DE6E97D2B1E05D60069FA7A /* Products */;
			projectDirPath = "";
			projectRoot = "";
			targets = (
				2DE6E97B2B1E05D60069FA7A /* ASAPDemo-Swift */,
			);
		};
/* End PBXProject section */

/* Begin PBXResourcesBuildPhase section */
		2DE6E97A2B1E05D60069FA7A /* Resources */ = {
			isa = PBXResourcesBuildPhase;
			buildActionMask = 2147483647;
			files = (
				2DE6E98C2B1E05D80069FA7A /* LaunchScreen.storyboard in Resources */,
				2DE6E9892B1E05D80069FA7A /* Assets.xcassets in Resources */,
				2DE6E9872B1E05D60069FA7A /* Main.storyboard in Resources */,
			);
			runOnlyForDeploymentPostprocessing = 0;
		};
/* End PBXResourcesBuildPhase section */

/* Begin PBXShellScriptBuildPhase section */
		AAFCF7C8C8D2C71D59CED7EA /* [CP] Embed Pods Frameworks */ = {
			isa = PBXShellScriptBuildPhase;
			buildActionMask = 2147483647;
			files = (
			);
			inputFileListPaths = (
				"${PODS_ROOT}/Target Support Files/Pods-ASAPDemo-Swift/Pods-ASAPDemo-Swift-frameworks-${CONFIGURATION}-input-files.xcfilelist",
			);
			name = "[CP] Embed Pods Frameworks";
			outputFileListPaths = (
				"${PODS_ROOT}/Target Support Files/Pods-ASAPDemo-Swift/Pods-ASAPDemo-Swift-frameworks-${CONFIGURATION}-output-files.xcfilelist",
			);
			runOnlyForDeploymentPostprocessing = 0;
			shellPath = /bin/sh;
			shellScript = "\"${PODS_ROOT}/Target Support Files/Pods-ASAPDemo-Swift/Pods-ASAPDemo-Swift-frameworks.sh\"\n";
			showEnvVarsInLog = 0;
		};
		CE3FE8B4114485E73827F844 /* [CP] Check Pods Manifest.lock */ = {
			isa = PBXShellScriptBuildPhase;
			buildActionMask = 2147483647;
			files = (
			);
			inputFileListPaths = (
			);
			inputPaths = (
				"${PODS_PODFILE_DIR_PATH}/Podfile.lock",
				"${PODS_ROOT}/Manifest.lock",
			);
			name = "[CP] Check Pods Manifest.lock";
			outputFileListPaths = (
			);
			outputPaths = (
				"$(DERIVED_FILE_DIR)/Pods-ASAPDemo-Swift-checkManifestLockResult.txt",
			);
			runOnlyForDeploymentPostprocessing = 0;
			shellPath = /bin/sh;
			shellScript = "diff \"${PODS_PODFILE_DIR_PATH}/Podfile.lock\" \"${PODS_ROOT}/Manifest.lock\" > /dev/null\nif [ $? != 0 ] ; then\n    # print error to STDERR\n    echo \"error: The sandbox is not in sync with the Podfile.lock. Run 'pod install' or update your CocoaPods installation.\" >&2\n    exit 1\nfi\n# This output is used by Xcode 'outputs' to avoid re-running this script phase.\necho \"SUCCESS\" > \"${SCRIPT_OUTPUT_FILE_0}\"\n";
			showEnvVarsInLog = 0;
		};
/* End PBXShellScriptBuildPhase section */

/* Begin PBXSourcesBuildPhase section */
		2DE6E9782B1E05D60069FA7A /* Sources */ = {
			isa = PBXSourcesBuildPhase;
			buildActionMask = 2147483647;
			files = (
				2DE6E9842B1E05D60069FA7A /* ViewController.swift in Sources */,
				2DE6E9802B1E05D60069FA7A /* AppDelegate.swift in Sources */,
				21456A6A2BDBDD7300F441F0 /* GeneralAPIs.swift in Sources */,
				213C82E42BDA67D400FBEE44 /* TicketAPIs.swift in Sources */,
				2DE6E9822B1E05D60069FA7A /* SceneDelegate.swift in Sources */,
				F264B9F72D3FC27B0001487F /* SalesIQConfigurations.swift in Sources */,
			);
			runOnlyForDeploymentPostprocessing = 0;
		};
/* End PBXSourcesBuildPhase section */

/* Begin PBXVariantGroup section */
		2DE6E9852B1E05D60069FA7A /* Main.storyboard */ = {
			isa = PBXVariantGroup;
			children = (
				2DE6E9862B1E05D60069FA7A /* Base */,
			);
			name = Main.storyboard;
			sourceTree = "<group>";
		};
		2DE6E98A2B1E05D80069FA7A /* LaunchScreen.storyboard */ = {
			isa = PBXVariantGroup;
			children = (
				2DE6E98B2B1E05D80069FA7A /* Base */,
			);
			name = LaunchScreen.storyboard;
			sourceTree = "<group>";
		};
/* End PBXVariantGroup section */

/* Begin XCBuildConfiguration section */
		2DE6E98E2B1E05D80069FA7A /* Debug */ = {
			isa = XCBuildConfiguration;
			buildSettings = {
				ALWAYS_SEARCH_USER_PATHS = NO;
				CLANG_ANALYZER_NONNULL = YES;
				CLANG_ANALYZER_NUMBER_OBJECT_CONVERSION = YES_AGGRESSIVE;
				CLANG_CXX_LANGUAGE_STANDARD = "gnu++20";
				CLANG_ENABLE_MODULES = YES;
				CLANG_ENABLE_OBJC_ARC = YES;
				CLANG_ENABLE_OBJC_WEAK = YES;
				CLANG_WARN_BLOCK_CAPTURE_AUTORELEASING = YES;
				CLANG_WARN_BOOL_CONVERSION = YES;
				CLANG_WARN_COMMA = YES;
				CLANG_WARN_CONSTANT_CONVERSION = YES;
				CLANG_WARN_DEPRECATED_OBJC_IMPLEMENTATIONS = YES;
				CLANG_WARN_DIRECT_OBJC_ISA_USAGE = YES_ERROR;
				CLANG_WARN_DOCUMENTATION_COMMENTS = YES;
				CLANG_WARN_EMPTY_BODY = YES;
				CLANG_WARN_ENUM_CONVERSION = YES;
				CLANG_WARN_INFINITE_RECURSION = YES;
				CLANG_WARN_INT_CONVERSION = YES;
				CLANG_WARN_NON_LITERAL_NULL_CONVERSION = YES;
				CLANG_WARN_OBJC_IMPLICIT_RETAIN_SELF = YES;
				CLANG_WARN_OBJC_LITERAL_CONVERSION = YES;
				CLANG_WARN_OBJC_ROOT_CLASS = YES_ERROR;
				CLANG_WARN_QUOTED_INCLUDE_IN_FRAMEWORK_HEADER = YES;
				CLANG_WARN_RANGE_LOOP_ANALYSIS = YES;
				CLANG_WARN_STRICT_PROTOTYPES = YES;
				CLANG_WARN_SUSPICIOUS_MOVE = YES;
				CLANG_WARN_UNGUARDED_AVAILABILITY = YES_AGGRESSIVE;
				CLANG_WARN_UNREACHABLE_CODE = YES;
				CLANG_WARN__DUPLICATE_METHOD_MATCH = YES;
				COPY_PHASE_STRIP = NO;
				DEBUG_INFORMATION_FORMAT = dwarf;
				ENABLE_STRICT_OBJC_MSGSEND = YES;
				ENABLE_TESTABILITY = YES;
				GCC_C_LANGUAGE_STANDARD = gnu11;
				GCC_DYNAMIC_NO_PIC = NO;
				GCC_NO_COMMON_BLOCKS = YES;
				GCC_OPTIMIZATION_LEVEL = 0;
				GCC_PREPROCESSOR_DEFINITIONS = (
					"DEBUG=1",
					"$(inherited)",
				);
				GCC_WARN_64_TO_32_BIT_CONVERSION = YES;
				GCC_WARN_ABOUT_RETURN_TYPE = YES_ERROR;
				GCC_WARN_UNDECLARED_SELECTOR = YES;
				GCC_WARN_UNINITIALIZED_AUTOS = YES_AGGRESSIVE;
				GCC_WARN_UNUSED_FUNCTION = YES;
				GCC_WARN_UNUSED_VARIABLE = YES;
				IPHONEOS_DEPLOYMENT_TARGET = 16.1;
				MTL_ENABLE_DEBUG_INFO = INCLUDE_SOURCE;
				MTL_FAST_MATH = YES;
				ONLY_ACTIVE_ARCH = YES;
				SDKROOT = iphoneos;
				SWIFT_ACTIVE_COMPILATION_CONDITIONS = DEBUG;
				SWIFT_OPTIMIZATION_LEVEL = "-Onone";
			};
			name = Debug;
		};
		2DE6E98F2B1E05D80069FA7A /* Release */ = {
			isa = XCBuildConfiguration;
			buildSettings = {
				ALWAYS_SEARCH_USER_PATHS = NO;
				CLANG_ANALYZER_NONNULL = YES;
				CLANG_ANALYZER_NUMBER_OBJECT_CONVERSION = YES_AGGRESSIVE;
				CLANG_CXX_LANGUAGE_STANDARD = "gnu++20";
				CLANG_ENABLE_MODULES = YES;
				CLANG_ENABLE_OBJC_ARC = YES;
				CLANG_ENABLE_OBJC_WEAK = YES;
				CLANG_WARN_BLOCK_CAPTURE_AUTORELEASING = YES;
				CLANG_WARN_BOOL_CONVERSION = YES;
				CLANG_WARN_COMMA = YES;
				CLANG_WARN_CONSTANT_CONVERSION = YES;
				CLANG_WARN_DEPRECATED_OBJC_IMPLEMENTATIONS = YES;
				CLANG_WARN_DIRECT_OBJC_ISA_USAGE = YES_ERROR;
				CLANG_WARN_DOCUMENTATION_COMMENTS = YES;
				CLANG_WARN_EMPTY_BODY = YES;
				CLANG_WARN_ENUM_CONVERSION = YES;
				CLANG_WARN_INFINITE_RECURSION = YES;
				CLANG_WARN_INT_CONVERSION = YES;
				CLANG_WARN_NON_LITERAL_NULL_CONVERSION = YES;
				CLANG_WARN_OBJC_IMPLICIT_RETAIN_SELF = YES;
				CLANG_WARN_OBJC_LITERAL_CONVERSION = YES;
				CLANG_WARN_OBJC_ROOT_CLASS = YES_ERROR;
				CLANG_WARN_QUOTED_INCLUDE_IN_FRAMEWORK_HEADER = YES;
				CLANG_WARN_RANGE_LOOP_ANALYSIS = YES;
				CLANG_WARN_STRICT_PROTOTYPES = YES;
				CLANG_WARN_SUSPICIOUS_MOVE = YES;
				CLANG_WARN_UNGUARDED_AVAILABILITY = YES_AGGRESSIVE;
				CLANG_WARN_UNREACHABLE_CODE = YES;
				CLANG_WARN__DUPLICATE_METHOD_MATCH = YES;
				COPY_PHASE_STRIP = NO;
				DEBUG_INFORMATION_FORMAT = "dwarf-with-dsym";
				ENABLE_NS_ASSERTIONS = NO;
				ENABLE_STRICT_OBJC_MSGSEND = YES;
				GCC_C_LANGUAGE_STANDARD = gnu11;
				GCC_NO_COMMON_BLOCKS = YES;
				GCC_WARN_64_TO_32_BIT_CONVERSION = YES;
				GCC_WARN_ABOUT_RETURN_TYPE = YES_ERROR;
				GCC_WARN_UNDECLARED_SELECTOR = YES;
				GCC_WARN_UNINITIALIZED_AUTOS = YES_AGGRESSIVE;
				GCC_WARN_UNUSED_FUNCTION = YES;
				GCC_WARN_UNUSED_VARIABLE = YES;
				IPHONEOS_DEPLOYMENT_TARGET = 16.1;
				MTL_ENABLE_DEBUG_INFO = NO;
				MTL_FAST_MATH = YES;
				SDKROOT = iphoneos;
				SWIFT_COMPILATION_MODE = wholemodule;
				SWIFT_OPTIMIZATION_LEVEL = "-O";
				VALIDATE_PRODUCT = YES;
			};
			name = Release;
		};
		2DE6E9912B1E05D80069FA7A /* Debug */ = {
			isa = XCBuildConfiguration;
			baseConfigurationReference = 7EFBE289425FFCFE7D4AF746 /* Pods-ASAPDemo-Swift.debug.xcconfig */;
			buildSettings = {
				ASSETCATALOG_COMPILER_APPICON_NAME = AppIcon;
				ASSETCATALOG_COMPILER_GLOBAL_ACCENT_COLOR_NAME = AccentColor;
				CODE_SIGN_STYLE = Automatic;
				CURRENT_PROJECT_VERSION = 1;
				GENERATE_INFOPLIST_FILE = YES;
				INFOPLIST_FILE = "ASAPDemo-Swift/Info.plist";
				INFOPLIST_KEY_UIApplicationSupportsIndirectInputEvents = YES;
				INFOPLIST_KEY_UILaunchStoryboardName = LaunchScreen;
				INFOPLIST_KEY_UIMainStoryboardFile = Main;
				INFOPLIST_KEY_UISupportedInterfaceOrientations_iPad = "UIInterfaceOrientationPortrait UIInterfaceOrientationPortraitUpsideDown UIInterfaceOrientationLandscapeLeft UIInterfaceOrientationLandscapeRight";
				INFOPLIST_KEY_UISupportedInterfaceOrientations_iPhone = "UIInterfaceOrientationPortrait UIInterfaceOrientationLandscapeLeft UIInterfaceOrientationLandscapeRight";
				IPHONEOS_DEPLOYMENT_TARGET = 13.0;
				LD_RUNPATH_SEARCH_PATHS = (
					"$(inherited)",
					"@executable_path/Frameworks",
				);
				MARKETING_VERSION = 1.0;
				PRODUCT_BUNDLE_IDENTIFIER = com.zoho.desk.asapsdk;
				PRODUCT_NAME = "$(TARGET_NAME)";
				SWIFT_EMIT_LOC_STRINGS = YES;
				SWIFT_VERSION = 5.0;
				TARGETED_DEVICE_FAMILY = "1,2";
			};
			name = Debug;
		};
		2DE6E9922B1E05D80069FA7A /* Release */ = {
			isa = XCBuildConfiguration;
			baseConfigurationReference = D091A873E542DEDDBD1FB695 /* Pods-ASAPDemo-Swift.release.xcconfig */;
			buildSettings = {
				ASSETCATALOG_COMPILER_APPICON_NAME = AppIcon;
				ASSETCATALOG_COMPILER_GLOBAL_ACCENT_COLOR_NAME = AccentColor;
				CODE_SIGN_STYLE = Automatic;
				CURRENT_PROJECT_VERSION = 1;
				GENERATE_INFOPLIST_FILE = YES;
				INFOPLIST_FILE = "ASAPDemo-Swift/Info.plist";
				INFOPLIST_KEY_UIApplicationSupportsIndirectInputEvents = YES;
				INFOPLIST_KEY_UILaunchStoryboardName = LaunchScreen;
				INFOPLIST_KEY_UIMainStoryboardFile = Main;
				INFOPLIST_KEY_UISupportedInterfaceOrientations_iPad = "UIInterfaceOrientationPortrait UIInterfaceOrientationPortraitUpsideDown UIInterfaceOrientationLandscapeLeft UIInterfaceOrientationLandscapeRight";
				INFOPLIST_KEY_UISupportedInterfaceOrientations_iPhone = "UIInterfaceOrientationPortrait UIInterfaceOrientationLandscapeLeft UIInterfaceOrientationLandscapeRight";
				IPHONEOS_DEPLOYMENT_TARGET = 13.0;
				LD_RUNPATH_SEARCH_PATHS = (
					"$(inherited)",
					"@executable_path/Frameworks",
				);
				MARKETING_VERSION = 1.0;
				PRODUCT_BUNDLE_IDENTIFIER = com.zoho.desk.asapsdk;
				PRODUCT_NAME = "$(TARGET_NAME)";
				SWIFT_EMIT_LOC_STRINGS = YES;
				SWIFT_VERSION = 5.0;
				TARGETED_DEVICE_FAMILY = "1,2";
			};
			name = Release;
		};
/* End XCBuildConfiguration section */

/* Begin XCConfigurationList section */
		2DE6E9772B1E05D60069FA7A /* Build configuration list for PBXProject "ASAPDemo-Swift" */ = {
			isa = XCConfigurationList;
			buildConfigurations = (
				2DE6E98E2B1E05D80069FA7A /* Debug */,
				2DE6E98F2B1E05D80069FA7A /* Release */,
			);
			defaultConfigurationIsVisible = 0;
			defaultConfigurationName = Release;
		};
		2DE6E9902B1E05D80069FA7A /* Build configuration list for PBXNativeTarget "ASAPDemo-Swift" */ = {
			isa = XCConfigurationList;
			buildConfigurations = (
				2DE6E9912B1E05D80069FA7A /* Debug */,
				2DE6E9922B1E05D80069FA7A /* Release */,
			);
			defaultConfigurationIsVisible = 0;
			defaultConfigurationName = Release;
		};
/* End XCConfigurationList section */
	};
	rootObject = 2DE6E9742B1E05D60069FA7A /* Project object */;
}
