PODS:
  - Mobilisten (3.0.0)
  - ZohoDeskPortalSDK (1.1.15):
    - Mobilisten (= 3.0.0)

DEPENDENCIES:
  - ZohoDeskPortalSDK (from `https://github.com/zoho/ZohoDeskPortalSDK.git`)

SPEC REPOS:
  trunk:
    - Mobilisten

EXTERNAL SOURCES:
  ZohoDeskPortalSDK:
    :git: https://github.com/zoho/ZohoDeskPortalSDK.git

CHECKOUT OPTIONS:
  ZohoDeskPortalSDK:
    :commit: cb9b0fafa98f434f6b6e9ac7df441522b4f30328
    :git: https://github.com/zoho/ZohoDeskPortalSDK.git

SPEC CHECKSUMS:
  Mobilisten: f8daf7e588bbee01364c2ab8eb893c9cfe10f593
  ZohoDeskPortalSDK: 496199658a4178fe9d0d0cb560c3f574e7f80854

PODFILE CHECKSUM: 211710112822ed30e94796e17a5bfdef6e1daf3b

COCOAPODS: 1.14.3
